// !$*UTF8*$!
{
	archiveVersion = 1;
	classes = {
	};
	objectVersion = 51;
	objects = {

/* Begin PBXBuildFile section */
		48A897AEE5F36D58A75E0675 /* Pods_Strater3.framework in Frameworks */ = {isa = PBXBuildFile; fileRef = D4B4B6F75D3290196B0AE9DD /* Pods_Strater3.framework */; };
		7892C6C425C30D7B0066E549 /* AppDelegate.swift in Sources */ = {isa = PBXBuildFile; fileRef = 7892C6C325C30D7B0066E549 /* AppDelegate.swift */; };
		7892C6C625C30D7B0066E549 /* SceneDelegate.swift in Sources */ = {isa = PBXBuildFile; fileRef = 7892C6C525C30D7B0066E549 /* SceneDelegate.swift */; };
		7892C6C825C30D7B0066E549 /* MovieViewController.swift in Sources */ = {isa = PBXBuildFile; fileRef = 7892C6C725C30D7B0066E549 /* MovieViewController.swift */; };
		7892C6CB25C30D7B0066E549 /* Main.storyboard in Resources */ = {isa = PBXBuildFile; fileRef = 7892C6C925C30D7B0066E549 /* Main.storyboard */; };
		7892C6CD25C30D7E0066E549 /* Assets.xcassets in Resources */ = {isa = PBXBuildFile; fileRef = 7892C6CC25C30D7E0066E549 /* Assets.xcassets */; };
		7892C6D025C30D7E0066E549 /* LaunchScreen.storyboard in Resources */ = {isa = PBXBuildFile; fileRef = 7892C6CE25C30D7E0066E549 /* LaunchScreen.storyboard */; };
		7892C6E825C31A3C0066E549 /* MovieSliderTableViewCell.swift in Sources */ = {isa = PBXBuildFile; fileRef = 7892C6E625C31A3C0066E549 /* MovieSliderTableViewCell.swift */; };
		7892C6E925C31A3C0066E549 /* MovieSliderTableViewCell.xib in Resources */ = {isa = PBXBuildFile; fileRef = 7892C6E725C31A3C0066E549 /* MovieSliderTableViewCell.xib */; };
		7892C6EE25C320880066E549 /* MovieSliderCollectionViewCell.swift in Sources */ = {isa = PBXBuildFile; fileRef = 7892C6EC25C320880066E549 /* MovieSliderCollectionViewCell.swift */; };
		7892C6EF25C320880066E549 /* MovieSliderCollectionViewCell.xib in Resources */ = {isa = PBXBuildFile; fileRef = 7892C6ED25C320880066E549 /* MovieSliderCollectionViewCell.xib */; };
		7892C6F325C4110D0066E549 /* RatingControl.swift in Sources */ = {isa = PBXBuildFile; fileRef = 7892C6F225C4110D0066E549 /* RatingControl.swift */; };
		7892C6F725C41D320066E549 /* PopularFilmTableViewCell.swift in Sources */ = {isa = PBXBuildFile; fileRef = 7892C6F525C41D320066E549 /* PopularFilmTableViewCell.swift */; };
		7892C6F825C41D320066E549 /* PopularFilmTableViewCell.xib in Resources */ = {isa = PBXBuildFile; fileRef = 7892C6F625C41D320066E549 /* PopularFilmTableViewCell.xib */; };
		7892C6FE25C426370066E549 /* PopularFilmCollectionViewCell.swift in Sources */ = {isa = PBXBuildFile; fileRef = 7892C6FC25C426370066E549 /* PopularFilmCollectionViewCell.swift */; };
		7892C6FF25C426370066E549 /* PopularFilmCollectionViewCell.xib in Resources */ = {isa = PBXBuildFile; fileRef = 7892C6FD25C426370066E549 /* PopularFilmCollectionViewCell.xib */; };
		7892C70625C500C80066E549 /* MovieShowTImeTableViewCell.swift in Sources */ = {isa = PBXBuildFile; fileRef = 7892C70425C500C80066E549 /* MovieShowTImeTableViewCell.swift */; };
		7892C70725C500C80066E549 /* MovieShowTImeTableViewCell.xib in Resources */ = {isa = PBXBuildFile; fileRef = 7892C70525C500C80066E549 /* MovieShowTImeTableViewCell.xib */; };
		7892C71D25C525830066E549 /* GenreTableViewCell.swift in Sources */ = {isa = PBXBuildFile; fileRef = 7892C71B25C525830066E549 /* GenreTableViewCell.swift */; };
		7892C71E25C525830066E549 /* GenreTableViewCell.xib in Resources */ = {isa = PBXBuildFile; fileRef = 7892C71C25C525830066E549 /* GenreTableViewCell.xib */; };
		7892C72325C526470066E549 /* GenreCollectionViewCell.swift in Sources */ = {isa = PBXBuildFile; fileRef = 7892C72125C526470066E549 /* GenreCollectionViewCell.swift */; };
		7892C72425C526470066E549 /* GenreCollectionViewCell.xib in Resources */ = {isa = PBXBuildFile; fileRef = 7892C72225C526470066E549 /* GenreCollectionViewCell.xib */; };
		7892C73225C52A6B0066E549 /* GenreVO.swift in Sources */ = {isa = PBXBuildFile; fileRef = 7892C73125C52A6B0066E549 /* GenreVO.swift */; };
		7892C74225C666C20066E549 /* ViewExtension.swift in Sources */ = {isa = PBXBuildFile; fileRef = 7892C74125C666C20066E549 /* ViewExtension.swift */; };
		7892C74625C6690E0066E549 /* ShowCaseTableViewCell.swift in Sources */ = {isa = PBXBuildFile; fileRef = 7892C74425C6690E0066E549 /* ShowCaseTableViewCell.swift */; };
		7892C74725C6690E0066E549 /* ShowCaseTableViewCell.xib in Resources */ = {isa = PBXBuildFile; fileRef = 7892C74525C6690E0066E549 /* ShowCaseTableViewCell.xib */; };
		7892C74C25C66B4F0066E549 /* ShowCaseCollectionViewCell.swift in Sources */ = {isa = PBXBuildFile; fileRef = 7892C74A25C66B4F0066E549 /* ShowCaseCollectionViewCell.swift */; };
		7892C74D25C66B4F0066E549 /* ShowCaseCollectionViewCell.xib in Resources */ = {isa = PBXBuildFile; fileRef = 7892C74B25C66B4F0066E549 /* ShowCaseCollectionViewCell.xib */; };
		7892C7E725CAE0D20066E549 /* BestActorTableViewCell.swift in Sources */ = {isa = PBXBuildFile; fileRef = 7892C7E525CAE0D20066E549 /* BestActorTableViewCell.swift */; };
		7892C7E825CAE0D20066E549 /* BestActorTableViewCell.xib in Resources */ = {isa = PBXBuildFile; fileRef = 7892C7E625CAE0D20066E549 /* BestActorTableViewCell.xib */; };
		7892C7ED25CAF1950066E549 /* BestActorCollectionViewCell.swift in Sources */ = {isa = PBXBuildFile; fileRef = 7892C7EB25CAF1950066E549 /* BestActorCollectionViewCell.swift */; };
		7892C7EE25CAF1950066E549 /* BestActorCollectionViewCell.xib in Resources */ = {isa = PBXBuildFile; fileRef = 7892C7EC25CAF1950066E549 /* BestActorCollectionViewCell.xib */; };
		7892C7F425CB08E80066E549 /* ActorActionDelegate.swift in Sources */ = {isa = PBXBuildFile; fileRef = 7892C7F325CB08E80066E549 /* ActorActionDelegate.swift */; };
		7892C7FB25CB242D0066E549 /* MovieType.swift in Sources */ = {isa = PBXBuildFile; fileRef = 7892C7FA25CB242D0066E549 /* MovieType.swift */; };
		98241DCE269F09390033731B /* ViewMoreActorViewController.swift in Sources */ = {isa = PBXBuildFile; fileRef = 98241DCC269F09390033731B /* ViewMoreActorViewController.swift */; };
		98241DCF269F09390033731B /* ViewMoreActorViewController.xib in Resources */ = {isa = PBXBuildFile; fileRef = 98241DCD269F09390033731B /* ViewMoreActorViewController.xib */; };
		98241DD426A0A44B0033731B /* SearchContentViewController.swift in Sources */ = {isa = PBXBuildFile; fileRef = 98241DD226A0A44B0033731B /* SearchContentViewController.swift */; };
		98241DD526A0A44B0033731B /* SearchContentViewController.xib in Resources */ = {isa = PBXBuildFile; fileRef = 98241DD326A0A44B0033731B /* SearchContentViewController.xib */; };
		98241DD826A0A51B0033731B /* ViewMoreShowcaseViewController.swift in Sources */ = {isa = PBXBuildFile; fileRef = 98241DD626A0A51B0033731B /* ViewMoreShowcaseViewController.swift */; };
		98241DD926A0A51B0033731B /* ViewMoreShowcaseViewController.xib in Resources */ = {isa = PBXBuildFile; fileRef = 98241DD726A0A51B0033731B /* ViewMoreShowcaseViewController.xib */; };
		98241DDC26A1A8680033731B /* moreshowcasedelegate.swift in Sources */ = {isa = PBXBuildFile; fileRef = 98241DDB26A1A8680033731B /* moreshowcasedelegate.swift */; };
		9826AF24268F1AEA008DD7AA /* NetworkingAgent.swift in Sources */ = {isa = PBXBuildFile; fileRef = 9826AF23268F1AEA008DD7AA /* NetworkingAgent.swift */; };
		9826AF26268F1BC8008DD7AA /* Consultants.swift in Sources */ = {isa = PBXBuildFile; fileRef = 9826AF25268F1BC8008DD7AA /* Consultants.swift */; };
		9826AF2D268F1E60008DD7AA /* MovieListResponse.swift in Sources */ = {isa = PBXBuildFile; fileRef = 9826AF2A268F1E60008DD7AA /* MovieListResponse.swift */; };
		9826AF2E268F1E60008DD7AA /* SearchSeriesResponse.swift in Sources */ = {isa = PBXBuildFile; fileRef = 9826AF2B268F1E60008DD7AA /* SearchSeriesResponse.swift */; };
		9826AF2F268F1E60008DD7AA /* Models.swift in Sources */ = {isa = PBXBuildFile; fileRef = 9826AF2C268F1E60008DD7AA /* Models.swift */; };
		9836FB0A26693E3000E2A0BE /* MovieItemDelegate.swift in Sources */ = {isa = PBXBuildFile; fileRef = 9836FB0926693E3000E2A0BE /* MovieItemDelegate.swift */; };
		9836FB122669477000E2A0BE /* MovieDetailViewController.swift in Sources */ = {isa = PBXBuildFile; fileRef = 9836FB112669477000E2A0BE /* MovieDetailViewController.swift */; };
		9836FB1426694B6D00E2A0BE /* Router.swift in Sources */ = {isa = PBXBuildFile; fileRef = 9836FB1326694B6D00E2A0BE /* Router.swift */; };
		9836FB17266BEB6900E2A0BE /* GenreSmallCollectionViewCell.swift in Sources */ = {isa = PBXBuildFile; fileRef = 9836FB15266BEB6900E2A0BE /* GenreSmallCollectionViewCell.swift */; };
		9836FB18266BEB6900E2A0BE /* GenreSmallCollectionViewCell.xib in Resources */ = {isa = PBXBuildFile; fileRef = 9836FB16266BEB6900E2A0BE /* GenreSmallCollectionViewCell.xib */; };
		983CE0EA269719F900064C80 /* ActorListResopnse.swift in Sources */ = {isa = PBXBuildFile; fileRef = 983CE0E9269719F900064C80 /* ActorListResopnse.swift */; };
		983CE0EC2697628600064C80 /* MovieDetailResponse.swift in Sources */ = {isa = PBXBuildFile; fileRef = 983CE0EB2697628600064C80 /* MovieDetailResponse.swift */; };
		983CE0EF2698327300064C80 /* ProudctionCompanyCollectionViewCell.swift in Sources */ = {isa = PBXBuildFile; fileRef = 983CE0ED2698327300064C80 /* ProudctionCompanyCollectionViewCell.swift */; };
		983CE0F02698327300064C80 /* ProudctionCompanyCollectionViewCell.xib in Resources */ = {isa = PBXBuildFile; fileRef = 983CE0EE2698327300064C80 /* ProudctionCompanyCollectionViewCell.xib */; };
		983CE0F62698BB1600064C80 /* MovieCreditResult.swift in Sources */ = {isa = PBXBuildFile; fileRef = 983CE0F52698BB1600064C80 /* MovieCreditResult.swift */; };
		983CE0FC269CC3AF00064C80 /* MovieTrailerResponse.swift in Sources */ = {isa = PBXBuildFile; fileRef = 983CE0FB269CC3AF00064C80 /* MovieTrailerResponse.swift */; };
		983CE0FF269CCCFC00064C80 /* YouTubePlayerViewController.swift in Sources */ = {isa = PBXBuildFile; fileRef = 983CE0FD269CCCFC00064C80 /* YouTubePlayerViewController.swift */; };
		983CE100269CCCFC00064C80 /* YouTubePlayerViewController.xib in Resources */ = {isa = PBXBuildFile; fileRef = 983CE0FE269CCCFC00064C80 /* YouTubePlayerViewController.xib */; };
		983CE102269DAFDA00064C80 /* ActorDetailRespnse.swift in Sources */ = {isa = PBXBuildFile; fileRef = 983CE101269DAFDA00064C80 /* ActorDetailRespnse.swift */; };
		983CE108269DBBC300064C80 /* ActorDetailViewController.swift in Sources */ = {isa = PBXBuildFile; fileRef = 983CE107269DBBC300064C80 /* ActorDetailViewController.swift */; };
		983CE10A269DDB5A00064C80 /* ActorDetailDelegate.swift in Sources */ = {isa = PBXBuildFile; fileRef = 983CE109269DDB5A00064C80 /* ActorDetailDelegate.swift */; };
		983CE10C269E098600064C80 /* showCaseItemDelegate.swift in Sources */ = {isa = PBXBuildFile; fileRef = 983CE10B269E098600064C80 /* showCaseItemDelegate.swift */; };
		983CE10E269E14B200064C80 /* SeriesDetailResponse.swift in Sources */ = {isa = PBXBuildFile; fileRef = 983CE10D269E14B200064C80 /* SeriesDetailResponse.swift */; };
/* End PBXBuildFile section */

/* Begin PBXFileReference section */
		1F911E8F81DCEF9934E75D07 /* Pods-Strater3.debug.xcconfig */ = {isa = PBXFileReference; includeInIndex = 1; lastKnownFileType = text.xcconfig; name = "Pods-Strater3.debug.xcconfig"; path = "Target Support Files/Pods-Strater3/Pods-Strater3.debug.xcconfig"; sourceTree = "<group>"; };
		7892C6C025C30D7B0066E549 /* Strater3.app */ = {isa = PBXFileReference; explicitFileType = wrapper.application; includeInIndex = 0; path = Strater3.app; sourceTree = BUILT_PRODUCTS_DIR; };
		7892C6C325C30D7B0066E549 /* AppDelegate.swift */ = {isa = PBXFileReference; lastKnownFileType = sourcecode.swift; path = AppDelegate.swift; sourceTree = "<group>"; };
		7892C6C525C30D7B0066E549 /* SceneDelegate.swift */ = {isa = PBXFileReference; lastKnownFileType = sourcecode.swift; path = SceneDelegate.swift; sourceTree = "<group>"; };
		7892C6C725C30D7B0066E549 /* MovieViewController.swift */ = {isa = PBXFileReference; lastKnownFileType = sourcecode.swift; path = MovieViewController.swift; sourceTree = "<group>"; };
		7892C6CA25C30D7B0066E549 /* Base */ = {isa = PBXFileReference; lastKnownFileType = file.storyboard; name = Base; path = Base.lproj/Main.storyboard; sourceTree = "<group>"; };
		7892C6CC25C30D7E0066E549 /* Assets.xcassets */ = {isa = PBXFileReference; lastKnownFileType = folder.assetcatalog; path = Assets.xcassets; sourceTree = "<group>"; };
		7892C6CF25C30D7E0066E549 /* Base */ = {isa = PBXFileReference; lastKnownFileType = file.storyboard; name = Base; path = Base.lproj/LaunchScreen.storyboard; sourceTree = "<group>"; };
		7892C6D125C30D7E0066E549 /* Info.plist */ = {isa = PBXFileReference; lastKnownFileType = text.plist.xml; path = Info.plist; sourceTree = "<group>"; };
		7892C6E625C31A3C0066E549 /* MovieSliderTableViewCell.swift */ = {isa = PBXFileReference; lastKnownFileType = sourcecode.swift; path = MovieSliderTableViewCell.swift; sourceTree = "<group>"; };
		7892C6E725C31A3C0066E549 /* MovieSliderTableViewCell.xib */ = {isa = PBXFileReference; lastKnownFileType = file.xib; path = MovieSliderTableViewCell.xib; sourceTree = "<group>"; };
		7892C6EC25C320880066E549 /* MovieSliderCollectionViewCell.swift */ = {isa = PBXFileReference; lastKnownFileType = sourcecode.swift; path = MovieSliderCollectionViewCell.swift; sourceTree = "<group>"; };
		7892C6ED25C320880066E549 /* MovieSliderCollectionViewCell.xib */ = {isa = PBXFileReference; lastKnownFileType = file.xib; path = MovieSliderCollectionViewCell.xib; sourceTree = "<group>"; };
		7892C6F225C4110D0066E549 /* RatingControl.swift */ = {isa = PBXFileReference; lastKnownFileType = sourcecode.swift; path = RatingControl.swift; sourceTree = "<group>"; };
		7892C6F525C41D320066E549 /* PopularFilmTableViewCell.swift */ = {isa = PBXFileReference; lastKnownFileType = sourcecode.swift; path = PopularFilmTableViewCell.swift; sourceTree = "<group>"; };
		7892C6F625C41D320066E549 /* PopularFilmTableViewCell.xib */ = {isa = PBXFileReference; lastKnownFileType = file.xib; path = PopularFilmTableViewCell.xib; sourceTree = "<group>"; };
		7892C6FC25C426370066E549 /* PopularFilmCollectionViewCell.swift */ = {isa = PBXFileReference; lastKnownFileType = sourcecode.swift; path = PopularFilmCollectionViewCell.swift; sourceTree = "<group>"; };
		7892C6FD25C426370066E549 /* PopularFilmCollectionViewCell.xib */ = {isa = PBXFileReference; lastKnownFileType = file.xib; path = PopularFilmCollectionViewCell.xib; sourceTree = "<group>"; };
		7892C70425C500C80066E549 /* MovieShowTImeTableViewCell.swift */ = {isa = PBXFileReference; lastKnownFileType = sourcecode.swift; path = MovieShowTImeTableViewCell.swift; sourceTree = "<group>"; };
		7892C70525C500C80066E549 /* MovieShowTImeTableViewCell.xib */ = {isa = PBXFileReference; lastKnownFileType = file.xib; path = MovieShowTImeTableViewCell.xib; sourceTree = "<group>"; };
		7892C71B25C525830066E549 /* GenreTableViewCell.swift */ = {isa = PBXFileReference; lastKnownFileType = sourcecode.swift; path = GenreTableViewCell.swift; sourceTree = "<group>"; };
		7892C71C25C525830066E549 /* GenreTableViewCell.xib */ = {isa = PBXFileReference; lastKnownFileType = file.xib; path = GenreTableViewCell.xib; sourceTree = "<group>"; };
		7892C72125C526470066E549 /* GenreCollectionViewCell.swift */ = {isa = PBXFileReference; lastKnownFileType = sourcecode.swift; path = GenreCollectionViewCell.swift; sourceTree = "<group>"; };
		7892C72225C526470066E549 /* GenreCollectionViewCell.xib */ = {isa = PBXFileReference; lastKnownFileType = file.xib; path = GenreCollectionViewCell.xib; sourceTree = "<group>"; };
		7892C73125C52A6B0066E549 /* GenreVO.swift */ = {isa = PBXFileReference; lastKnownFileType = sourcecode.swift; path = GenreVO.swift; sourceTree = "<group>"; };
		7892C74125C666C20066E549 /* ViewExtension.swift */ = {isa = PBXFileReference; lastKnownFileType = sourcecode.swift; path = ViewExtension.swift; sourceTree = "<group>"; };
		7892C74425C6690E0066E549 /* ShowCaseTableViewCell.swift */ = {isa = PBXFileReference; lastKnownFileType = sourcecode.swift; path = ShowCaseTableViewCell.swift; sourceTree = "<group>"; };
		7892C74525C6690E0066E549 /* ShowCaseTableViewCell.xib */ = {isa = PBXFileReference; lastKnownFileType = file.xib; path = ShowCaseTableViewCell.xib; sourceTree = "<group>"; };
		7892C74A25C66B4F0066E549 /* ShowCaseCollectionViewCell.swift */ = {isa = PBXFileReference; lastKnownFileType = sourcecode.swift; path = ShowCaseCollectionViewCell.swift; sourceTree = "<group>"; };
		7892C74B25C66B4F0066E549 /* ShowCaseCollectionViewCell.xib */ = {isa = PBXFileReference; lastKnownFileType = file.xib; path = ShowCaseCollectionViewCell.xib; sourceTree = "<group>"; };
		7892C7E525CAE0D20066E549 /* BestActorTableViewCell.swift */ = {isa = PBXFileReference; lastKnownFileType = sourcecode.swift; path = BestActorTableViewCell.swift; sourceTree = "<group>"; };
		7892C7E625CAE0D20066E549 /* BestActorTableViewCell.xib */ = {isa = PBXFileReference; lastKnownFileType = file.xib; path = BestActorTableViewCell.xib; sourceTree = "<group>"; };
		7892C7EB25CAF1950066E549 /* BestActorCollectionViewCell.swift */ = {isa = PBXFileReference; lastKnownFileType = sourcecode.swift; path = BestActorCollectionViewCell.swift; sourceTree = "<group>"; };
		7892C7EC25CAF1950066E549 /* BestActorCollectionViewCell.xib */ = {isa = PBXFileReference; lastKnownFileType = file.xib; path = BestActorCollectionViewCell.xib; sourceTree = "<group>"; };
		7892C7F325CB08E80066E549 /* ActorActionDelegate.swift */ = {isa = PBXFileReference; lastKnownFileType = sourcecode.swift; path = ActorActionDelegate.swift; sourceTree = "<group>"; };
		7892C7FA25CB242D0066E549 /* MovieType.swift */ = {isa = PBXFileReference; lastKnownFileType = sourcecode.swift; path = MovieType.swift; sourceTree = "<group>"; };
		87ABE8DFB7D332A52899B6FC /* Pods-Strater3.release.xcconfig */ = {isa = PBXFileReference; includeInIndex = 1; lastKnownFileType = text.xcconfig; name = "Pods-Strater3.release.xcconfig"; path = "Target Support Files/Pods-Strater3/Pods-Strater3.release.xcconfig"; sourceTree = "<group>"; };
		98241DCC269F09390033731B /* ViewMoreActorViewController.swift */ = {isa = PBXFileReference; lastKnownFileType = sourcecode.swift; path = ViewMoreActorViewController.swift; sourceTree = "<group>"; };
		98241DCD269F09390033731B /* ViewMoreActorViewController.xib */ = {isa = PBXFileReference; lastKnownFileType = file.xib; path = ViewMoreActorViewController.xib; sourceTree = "<group>"; };
		98241DD226A0A44B0033731B /* SearchContentViewController.swift */ = {isa = PBXFileReference; lastKnownFileType = sourcecode.swift; path = SearchContentViewController.swift; sourceTree = "<group>"; };
		98241DD326A0A44B0033731B /* SearchContentViewController.xib */ = {isa = PBXFileReference; lastKnownFileType = file.xib; path = SearchContentViewController.xib; sourceTree = "<group>"; };
		98241DD626A0A51B0033731B /* ViewMoreShowcaseViewController.swift */ = {isa = PBXFileReference; lastKnownFileType = sourcecode.swift; path = ViewMoreShowcaseViewController.swift; sourceTree = "<group>"; };
		98241DD726A0A51B0033731B /* ViewMoreShowcaseViewController.xib */ = {isa = PBXFileReference; lastKnownFileType = file.xib; path = ViewMoreShowcaseViewController.xib; sourceTree = "<group>"; };
		98241DDB26A1A8680033731B /* moreshowcasedelegate.swift */ = {isa = PBXFileReference; lastKnownFileType = sourcecode.swift; path = moreshowcasedelegate.swift; sourceTree = "<group>"; };
		9826AF23268F1AEA008DD7AA /* NetworkingAgent.swift */ = {isa = PBXFileReference; lastKnownFileType = sourcecode.swift; path = NetworkingAgent.swift; sourceTree = "<group>"; };
		9826AF25268F1BC8008DD7AA /* Consultants.swift */ = {isa = PBXFileReference; fileEncoding = 4; lastKnownFileType = sourcecode.swift; path = Consultants.swift; sourceTree = "<group>"; };
		9826AF2A268F1E60008DD7AA /* MovieListResponse.swift */ = {isa = PBXFileReference; fileEncoding = 4; lastKnownFileType = sourcecode.swift; path = MovieListResponse.swift; sourceTree = "<group>"; };
		9826AF2B268F1E60008DD7AA /* SearchSeriesResponse.swift */ = {isa = PBXFileReference; fileEncoding = 4; lastKnownFileType = sourcecode.swift; path = SearchSeriesResponse.swift; sourceTree = "<group>"; };
		9826AF2C268F1E60008DD7AA /* Models.swift */ = {isa = PBXFileReference; fileEncoding = 4; lastKnownFileType = sourcecode.swift; path = Models.swift; sourceTree = "<group>"; };
		9836FB0926693E3000E2A0BE /* MovieItemDelegate.swift */ = {isa = PBXFileReference; lastKnownFileType = sourcecode.swift; path = MovieItemDelegate.swift; sourceTree = "<group>"; };
		9836FB112669477000E2A0BE /* MovieDetailViewController.swift */ = {isa = PBXFileReference; lastKnownFileType = sourcecode.swift; path = MovieDetailViewController.swift; sourceTree = "<group>"; };
		9836FB1326694B6D00E2A0BE /* Router.swift */ = {isa = PBXFileReference; lastKnownFileType = sourcecode.swift; path = Router.swift; sourceTree = "<group>"; };
		9836FB15266BEB6900E2A0BE /* GenreSmallCollectionViewCell.swift */ = {isa = PBXFileReference; lastKnownFileType = sourcecode.swift; path = GenreSmallCollectionViewCell.swift; sourceTree = "<group>"; };
		9836FB16266BEB6900E2A0BE /* GenreSmallCollectionViewCell.xib */ = {isa = PBXFileReference; lastKnownFileType = file.xib; path = GenreSmallCollectionViewCell.xib; sourceTree = "<group>"; };
		983CE0E9269719F900064C80 /* ActorListResopnse.swift */ = {isa = PBXFileReference; lastKnownFileType = sourcecode.swift; path = ActorListResopnse.swift; sourceTree = "<group>"; };
		983CE0EB2697628600064C80 /* MovieDetailResponse.swift */ = {isa = PBXFileReference; lastKnownFileType = sourcecode.swift; path = MovieDetailResponse.swift; sourceTree = "<group>"; };
		983CE0ED2698327300064C80 /* ProudctionCompanyCollectionViewCell.swift */ = {isa = PBXFileReference; lastKnownFileType = sourcecode.swift; path = ProudctionCompanyCollectionViewCell.swift; sourceTree = "<group>"; };
		983CE0EE2698327300064C80 /* ProudctionCompanyCollectionViewCell.xib */ = {isa = PBXFileReference; lastKnownFileType = file.xib; path = ProudctionCompanyCollectionViewCell.xib; sourceTree = "<group>"; };
		983CE0F52698BB1600064C80 /* MovieCreditResult.swift */ = {isa = PBXFileReference; lastKnownFileType = sourcecode.swift; path = MovieCreditResult.swift; sourceTree = "<group>"; };
		983CE0FB269CC3AF00064C80 /* MovieTrailerResponse.swift */ = {isa = PBXFileReference; lastKnownFileType = sourcecode.swift; path = MovieTrailerResponse.swift; sourceTree = "<group>"; };
		983CE0FD269CCCFC00064C80 /* YouTubePlayerViewController.swift */ = {isa = PBXFileReference; lastKnownFileType = sourcecode.swift; path = YouTubePlayerViewController.swift; sourceTree = "<group>"; };
		983CE0FE269CCCFC00064C80 /* YouTubePlayerViewController.xib */ = {isa = PBXFileReference; lastKnownFileType = file.xib; path = YouTubePlayerViewController.xib; sourceTree = "<group>"; };
		983CE101269DAFDA00064C80 /* ActorDetailRespnse.swift */ = {isa = PBXFileReference; lastKnownFileType = sourcecode.swift; path = ActorDetailRespnse.swift; sourceTree = "<group>"; };
		983CE107269DBBC300064C80 /* ActorDetailViewController.swift */ = {isa = PBXFileReference; lastKnownFileType = sourcecode.swift; path = ActorDetailViewController.swift; sourceTree = "<group>"; };
		983CE109269DDB5A00064C80 /* ActorDetailDelegate.swift */ = {isa = PBXFileReference; lastKnownFileType = sourcecode.swift; path = ActorDetailDelegate.swift; sourceTree = "<group>"; };
		983CE10B269E098600064C80 /* showCaseItemDelegate.swift */ = {isa = PBXFileReference; lastKnownFileType = sourcecode.swift; path = showCaseItemDelegate.swift; sourceTree = "<group>"; };
		983CE10D269E14B200064C80 /* SeriesDetailResponse.swift */ = {isa = PBXFileReference; lastKnownFileType = sourcecode.swift; path = SeriesDetailResponse.swift; sourceTree = "<group>"; };
		D4B4B6F75D3290196B0AE9DD /* Pods_Strater3.framework */ = {isa = PBXFileReference; explicitFileType = wrapper.framework; includeInIndex = 0; path = Pods_Strater3.framework; sourceTree = BUILT_PRODUCTS_DIR; };
/* End PBXFileReference section */

/* Begin PBXFrameworksBuildPhase section */
		7892C6BD25C30D7B0066E549 /* Frameworks */ = {
			isa = PBXFrameworksBuildPhase;
			buildActionMask = 2147483647;
			files = (
				48A897AEE5F36D58A75E0675 /* Pods_Strater3.framework in Frameworks */,
			);
			runOnlyForDeploymentPostprocessing = 0;
		};
/* End PBXFrameworksBuildPhase section */

/* Begin PBXGroup section */
		7892C6B725C30D7B0066E549 = {
			isa = PBXGroup;
			children = (
				7892C6C225C30D7B0066E549 /* Strater3 */,
				7892C6C125C30D7B0066E549 /* Products */,
				BAA0F76474213927C12CF08B /* Pods */,
				B34BFFB73D0D15CE6280FDBD /* Frameworks */,
			);
			sourceTree = "<group>";
		};
		7892C6C125C30D7B0066E549 /* Products */ = {
			isa = PBXGroup;
			children = (
				7892C6C025C30D7B0066E549 /* Strater3.app */,
			);
			name = Products;
			sourceTree = "<group>";
		};
		7892C6C225C30D7B0066E549 /* Strater3 */ = {
			isa = PBXGroup;
			children = (
				9826AF22268F1AD8008DD7AA /* Networking */,
				7892C73B25C5DD030066E549 /* utils */,
				7892C72725C52A150066E549 /* vos */,
				7892C6E425C30E4B0066E549 /* components */,
				7892C6D825C30D960066E549 /* delegagte */,
				7892C6DC25C30DE80066E549 /* cell */,
				7892C6D925C30DA50066E549 /* stroybaord */,
				7892C6DA25C30DC40066E549 /* viewController */,
				7892C6DB25C30DD70066E549 /* resources */,
				7892C6D125C30D7E0066E549 /* Info.plist */,
			);
			path = Strater3;
			sourceTree = "<group>";
		};
		7892C6D825C30D960066E549 /* delegagte */ = {
			isa = PBXGroup;
			children = (
				7892C7F225CB08BC0066E549 /* protocols */,
				7892C6C325C30D7B0066E549 /* AppDelegate.swift */,
				7892C6C525C30D7B0066E549 /* SceneDelegate.swift */,
			);
			path = delegagte;
			sourceTree = "<group>";
		};
		7892C6D925C30DA50066E549 /* stroybaord */ = {
			isa = PBXGroup;
			children = (
				7892C6C925C30D7B0066E549 /* Main.storyboard */,
				7892C6CE25C30D7E0066E549 /* LaunchScreen.storyboard */,
			);
			path = stroybaord;
			sourceTree = "<group>";
		};
		7892C6DA25C30DC40066E549 /* viewController */ = {
			isa = PBXGroup;
			children = (
				98241DD126A0A4240033731B /* SearchMovie */,
				98241DDA26A0A5210033731B /* ViewMoreShowcase */,
				98241DCB269F09100033731B /* ViewMoreActor */,
				98241DD0269F09430033731B /* YoutubePlayer */,
				98241DCA269F08EA0033731B /* ActorDetail */,
			);
			path = viewController;
			sourceTree = "<group>";
		};
		7892C6DB25C30DD70066E549 /* resources */ = {
			isa = PBXGroup;
			children = (
				7892C6CC25C30D7E0066E549 /* Assets.xcassets */,
			);
			path = resources;
			sourceTree = "<group>";
		};
		7892C6DC25C30DE80066E549 /* cell */ = {
			isa = PBXGroup;
			children = (
				7892C6DE25C30E160066E549 /* collectionView */,
				7892C6DD25C30DF80066E549 /* tableVIew */,
			);
			path = cell;
			sourceTree = "<group>";
		};
		7892C6DD25C30DF80066E549 /* tableVIew */ = {
			isa = PBXGroup;
			children = (
				7892C6E225C30E330066E549 /* swifts */,
				7892C6E125C30E2C0066E549 /* xibs */,
			);
			name = tableVIew;
			sourceTree = "<group>";
		};
		7892C6DE25C30E160066E549 /* collectionView */ = {
			isa = PBXGroup;
			children = (
				7892C6E025C30E270066E549 /* swifts */,
				7892C6DF25C30E1F0066E549 /* xibs */,
			);
			name = collectionView;
			sourceTree = "<group>";
		};
		7892C6DF25C30E1F0066E549 /* xibs */ = {
			isa = PBXGroup;
			children = (
				7892C6ED25C320880066E549 /* MovieSliderCollectionViewCell.xib */,
				7892C6FD25C426370066E549 /* PopularFilmCollectionViewCell.xib */,
				7892C72225C526470066E549 /* GenreCollectionViewCell.xib */,
				7892C74B25C66B4F0066E549 /* ShowCaseCollectionViewCell.xib */,
				7892C7EC25CAF1950066E549 /* BestActorCollectionViewCell.xib */,
				9836FB16266BEB6900E2A0BE /* GenreSmallCollectionViewCell.xib */,
				983CE0EE2698327300064C80 /* ProudctionCompanyCollectionViewCell.xib */,
			);
			name = xibs;
			sourceTree = "<group>";
		};
		7892C6E025C30E270066E549 /* swifts */ = {
			isa = PBXGroup;
			children = (
				7892C6EC25C320880066E549 /* MovieSliderCollectionViewCell.swift */,
				7892C6FC25C426370066E549 /* PopularFilmCollectionViewCell.swift */,
				7892C72125C526470066E549 /* GenreCollectionViewCell.swift */,
				7892C74A25C66B4F0066E549 /* ShowCaseCollectionViewCell.swift */,
				7892C7EB25CAF1950066E549 /* BestActorCollectionViewCell.swift */,
				9836FB15266BEB6900E2A0BE /* GenreSmallCollectionViewCell.swift */,
				983CE0ED2698327300064C80 /* ProudctionCompanyCollectionViewCell.swift */,
			);
			name = swifts;
			sourceTree = "<group>";
		};
		7892C6E125C30E2C0066E549 /* xibs */ = {
			isa = PBXGroup;
			children = (
				7892C6E725C31A3C0066E549 /* MovieSliderTableViewCell.xib */,
				7892C6F625C41D320066E549 /* PopularFilmTableViewCell.xib */,
				7892C70525C500C80066E549 /* MovieShowTImeTableViewCell.xib */,
				7892C71C25C525830066E549 /* GenreTableViewCell.xib */,
				7892C74525C6690E0066E549 /* ShowCaseTableViewCell.xib */,
				7892C7E625CAE0D20066E549 /* BestActorTableViewCell.xib */,
			);
			name = xibs;
			sourceTree = "<group>";
		};
		7892C6E225C30E330066E549 /* swifts */ = {
			isa = PBXGroup;
			children = (
				7892C6E625C31A3C0066E549 /* MovieSliderTableViewCell.swift */,
				7892C6F525C41D320066E549 /* PopularFilmTableViewCell.swift */,
				7892C70425C500C80066E549 /* MovieShowTImeTableViewCell.swift */,
				7892C71B25C525830066E549 /* GenreTableViewCell.swift */,
				7892C74425C6690E0066E549 /* ShowCaseTableViewCell.swift */,
				7892C7E525CAE0D20066E549 /* BestActorTableViewCell.swift */,
			);
			name = swifts;
			sourceTree = "<group>";
		};
		7892C6E425C30E4B0066E549 /* components */ = {
			isa = PBXGroup;
			children = (
				7892C6F225C4110D0066E549 /* RatingControl.swift */,
			);
			path = components;
			sourceTree = "<group>";
		};
		7892C72725C52A150066E549 /* vos */ = {
			isa = PBXGroup;
			children = (
				9826AF29268F1E37008DD7AA /* model */,
				7892C7F925CB23F50066E549 /* enum */,
				7892C73125C52A6B0066E549 /* GenreVO.swift */,
			);
			path = vos;
			sourceTree = "<group>";
		};
		7892C73B25C5DD030066E549 /* utils */ = {
			isa = PBXGroup;
			children = (
				9826AF25268F1BC8008DD7AA /* Consultants.swift */,
				7892C74125C666C20066E549 /* ViewExtension.swift */,
				9836FB1326694B6D00E2A0BE /* Router.swift */,
			);
			path = utils;
			sourceTree = "<group>";
		};
		7892C7F225CB08BC0066E549 /* protocols */ = {
			isa = PBXGroup;
			children = (
				98241DDB26A1A8680033731B /* moreshowcasedelegate.swift */,
				983CE109269DDB5A00064C80 /* ActorDetailDelegate.swift */,
				7892C7F325CB08E80066E549 /* ActorActionDelegate.swift */,
				9836FB0926693E3000E2A0BE /* MovieItemDelegate.swift */,
				983CE10B269E098600064C80 /* showCaseItemDelegate.swift */,
			);
			path = protocols;
			sourceTree = "<group>";
		};
		7892C7F925CB23F50066E549 /* enum */ = {
			isa = PBXGroup;
			children = (
				7892C7FA25CB242D0066E549 /* MovieType.swift */,
			);
			path = enum;
			sourceTree = "<group>";
		};
		98241DCA269F08EA0033731B /* ActorDetail */ = {
			isa = PBXGroup;
			children = (
				7892C6C725C30D7B0066E549 /* MovieViewController.swift */,
				9836FB112669477000E2A0BE /* MovieDetailViewController.swift */,
				983CE107269DBBC300064C80 /* ActorDetailViewController.swift */,
			);
			path = ActorDetail;
			sourceTree = "<group>";
		};
		98241DCB269F09100033731B /* ViewMoreActor */ = {
			isa = PBXGroup;
			children = (
				98241DCC269F09390033731B /* ViewMoreActorViewController.swift */,
				98241DCD269F09390033731B /* ViewMoreActorViewController.xib */,
			);
			path = ViewMoreActor;
			sourceTree = "<group>";
		};
		98241DD0269F09430033731B /* YoutubePlayer */ = {
			isa = PBXGroup;
			children = (
				983CE0FD269CCCFC00064C80 /* YouTubePlayerViewController.swift */,
				983CE0FE269CCCFC00064C80 /* YouTubePlayerViewController.xib */,
			);
			path = YoutubePlayer;
			sourceTree = "<group>";
		};
		98241DD126A0A4240033731B /* SearchMovie */ = {
			isa = PBXGroup;
			children = (
				98241DD226A0A44B0033731B /* SearchContentViewController.swift */,
				98241DD326A0A44B0033731B /* SearchContentViewController.xib */,
			);
			path = SearchMovie;
			sourceTree = "<group>";
		};
		98241DDA26A0A5210033731B /* ViewMoreShowcase */ = {
			isa = PBXGroup;
			children = (
				98241DD626A0A51B0033731B /* ViewMoreShowcaseViewController.swift */,
				98241DD726A0A51B0033731B /* ViewMoreShowcaseViewController.xib */,
			);
			path = ViewMoreShowcase;
			sourceTree = "<group>";
		};
		9826AF22268F1AD8008DD7AA /* Networking */ = {
			isa = PBXGroup;
			children = (
				9826AF23268F1AEA008DD7AA /* NetworkingAgent.swift */,
			);
			path = Networking;
			sourceTree = "<group>";
		};
		9826AF29268F1E37008DD7AA /* model */ = {
			isa = PBXGroup;
			children = (
				983CE101269DAFDA00064C80 /* ActorDetailRespnse.swift */,
				983CE0FB269CC3AF00064C80 /* MovieTrailerResponse.swift */,
				983CE0F52698BB1600064C80 /* MovieCreditResult.swift */,
				983CE0EB2697628600064C80 /* MovieDetailResponse.swift */,
				983CE10D269E14B200064C80 /* SeriesDetailResponse.swift */,
				9826AF2B268F1E60008DD7AA /* SearchSeriesResponse.swift */,
				983CE0E9269719F900064C80 /* ActorListResopnse.swift */,
				9826AF2A268F1E60008DD7AA /* MovieListResponse.swift */,
				9826AF2C268F1E60008DD7AA /* Models.swift */,
			);
			path = model;
			sourceTree = "<group>";
		};
		B34BFFB73D0D15CE6280FDBD /* Frameworks */ = {
			isa = PBXGroup;
			children = (
				D4B4B6F75D3290196B0AE9DD /* Pods_Strater3.framework */,
			);
			name = Frameworks;
			sourceTree = "<group>";
		};
		BAA0F76474213927C12CF08B /* Pods */ = {
			isa = PBXGroup;
			children = (
				1F911E8F81DCEF9934E75D07 /* Pods-Strater3.debug.xcconfig */,
				87ABE8DFB7D332A52899B6FC /* Pods-Strater3.release.xcconfig */,
			);
			path = Pods;
			sourceTree = "<group>";
		};
/* End PBXGroup section */

/* Begin PBXNativeTarget section */
		7892C6BF25C30D7B0066E549 /* Strater3 */ = {
			isa = PBXNativeTarget;
			buildConfigurationList = 7892C6D425C30D7E0066E549 /* Build configuration list for PBXNativeTarget "Strater3" */;
			buildPhases = (
				AAF0D0B762DFB4AB8550375D /* [CP] Check Pods Manifest.lock */,
				7892C6BC25C30D7B0066E549 /* Sources */,
				7892C6BD25C30D7B0066E549 /* Frameworks */,
				7892C6BE25C30D7B0066E549 /* Resources */,
				0879FC6FFB65D46ED7D349CF /* [CP] Embed Pods Frameworks */,
			);
			buildRules = (
			);
			dependencies = (
			);
			name = Strater3;
			productName = Strater3;
			productReference = 7892C6C025C30D7B0066E549 /* Strater3.app */;
			productType = "com.apple.product-type.application";
		};
/* End PBXNativeTarget section */

/* Begin PBXProject section */
		7892C6B825C30D7B0066E549 /* Project object */ = {
			isa = PBXProject;
			attributes = {
				LastSwiftUpdateCheck = 1230;
				LastUpgradeCheck = 1230;
				TargetAttributes = {
					7892C6BF25C30D7B0066E549 = {
						CreatedOnToolsVersion = 12.3;
						LastSwiftMigration = 1250;
					};
				};
			};
			buildConfigurationList = 7892C6BB25C30D7B0066E549 /* Build configuration list for PBXProject "Strater3" */;
			compatibilityVersion = "Xcode 9.3";
			developmentRegion = en;
			hasScannedForEncodings = 0;
			knownRegions = (
				en,
				Base,
			);
			mainGroup = 7892C6B725C30D7B0066E549;
			productRefGroup = 7892C6C125C30D7B0066E549 /* Products */;
			projectDirPath = "";
			projectRoot = "";
			targets = (
				7892C6BF25C30D7B0066E549 /* Strater3 */,
			);
		};
/* End PBXProject section */

/* Begin PBXResourcesBuildPhase section */
		7892C6BE25C30D7B0066E549 /* Resources */ = {
			isa = PBXResourcesBuildPhase;
			buildActionMask = 2147483647;
			files = (
				7892C6FF25C426370066E549 /* PopularFilmCollectionViewCell.xib in Resources */,
				7892C6D025C30D7E0066E549 /* LaunchScreen.storyboard in Resources */,
				983CE100269CCCFC00064C80 /* YouTubePlayerViewController.xib in Resources */,
				7892C72425C526470066E549 /* GenreCollectionViewCell.xib in Resources */,
				7892C74D25C66B4F0066E549 /* ShowCaseCollectionViewCell.xib in Resources */,
				7892C70725C500C80066E549 /* MovieShowTImeTableViewCell.xib in Resources */,
				7892C71E25C525830066E549 /* GenreTableViewCell.xib in Resources */,
				7892C6CD25C30D7E0066E549 /* Assets.xcassets in Resources */,
				7892C6CB25C30D7B0066E549 /* Main.storyboard in Resources */,
				98241DD926A0A51B0033731B /* ViewMoreShowcaseViewController.xib in Resources */,
				7892C6E925C31A3C0066E549 /* MovieSliderTableViewCell.xib in Resources */,
				98241DCF269F09390033731B /* ViewMoreActorViewController.xib in Resources */,
				7892C6EF25C320880066E549 /* MovieSliderCollectionViewCell.xib in Resources */,
				7892C7E825CAE0D20066E549 /* BestActorTableViewCell.xib in Resources */,
				7892C74725C6690E0066E549 /* ShowCaseTableViewCell.xib in Resources */,
				9836FB18266BEB6900E2A0BE /* GenreSmallCollectionViewCell.xib in Resources */,
				983CE0F02698327300064C80 /* ProudctionCompanyCollectionViewCell.xib in Resources */,
				7892C7EE25CAF1950066E549 /* BestActorCollectionViewCell.xib in Resources */,
				98241DD526A0A44B0033731B /* SearchContentViewController.xib in Resources */,
				7892C6F825C41D320066E549 /* PopularFilmTableViewCell.xib in Resources */,
			);
			runOnlyForDeploymentPostprocessing = 0;
		};
/* End PBXResourcesBuildPhase section */

/* Begin PBXShellScriptBuildPhase section */
		0879FC6FFB65D46ED7D349CF /* [CP] Embed Pods Frameworks */ = {
			isa = PBXShellScriptBuildPhase;
			buildActionMask = 2147483647;
			files = (
			);
			inputFileListPaths = (
				"${PODS_ROOT}/Target Support Files/Pods-Strater3/Pods-Strater3-frameworks-${CONFIGURATION}-input-files.xcfilelist",
			);
			name = "[CP] Embed Pods Frameworks";
			outputFileListPaths = (
				"${PODS_ROOT}/Target Support Files/Pods-Strater3/Pods-Strater3-frameworks-${CONFIGURATION}-output-files.xcfilelist",
			);
			runOnlyForDeploymentPostprocessing = 0;
			shellPath = /bin/sh;
			shellScript = "\"${PODS_ROOT}/Target Support Files/Pods-Strater3/Pods-Strater3-frameworks.sh\"\n";
			showEnvVarsInLog = 0;
		};
		AAF0D0B762DFB4AB8550375D /* [CP] Check Pods Manifest.lock */ = {
			isa = PBXShellScriptBuildPhase;
			buildActionMask = 2147483647;
			files = (
			);
			inputFileListPaths = (
			);
			inputPaths = (
				"${PODS_PODFILE_DIR_PATH}/Podfile.lock",
				"${PODS_ROOT}/Manifest.lock",
			);
			name = "[CP] Check Pods Manifest.lock";
			outputFileListPaths = (
			);
			outputPaths = (
				"$(DERIVED_FILE_DIR)/Pods-Strater3-checkManifestLockResult.txt",
			);
			runOnlyForDeploymentPostprocessing = 0;
			shellPath = /bin/sh;
			shellScript = "diff \"${PODS_PODFILE_DIR_PATH}/Podfile.lock\" \"${PODS_ROOT}/Manifest.lock\" > /dev/null\nif [ $? != 0 ] ; then\n    # print error to STDERR\n    echo \"error: The sandbox is not in sync with the Podfile.lock. Run 'pod install' or update your CocoaPods installation.\" >&2\n    exit 1\nfi\n# This output is used by Xcode 'outputs' to avoid re-running this script phase.\necho \"SUCCESS\" > \"${SCRIPT_OUTPUT_FILE_0}\"\n";
			showEnvVarsInLog = 0;
		};
/* End PBXShellScriptBuildPhase section */

/* Begin PBXSourcesBuildPhase section */
		7892C6BC25C30D7B0066E549 /* Sources */ = {
			isa = PBXSourcesBuildPhase;
			buildActionMask = 2147483647;
			files = (
				9836FB1426694B6D00E2A0BE /* Router.swift in Sources */,
				7892C6FE25C426370066E549 /* PopularFilmCollectionViewCell.swift in Sources */,
				7892C7E725CAE0D20066E549 /* BestActorTableViewCell.swift in Sources */,
				7892C7FB25CB242D0066E549 /* MovieType.swift in Sources */,
				983CE10A269DDB5A00064C80 /* ActorDetailDelegate.swift in Sources */,
				7892C70625C500C80066E549 /* MovieShowTImeTableViewCell.swift in Sources */,
				98241DCE269F09390033731B /* ViewMoreActorViewController.swift in Sources */,
				98241DD826A0A51B0033731B /* ViewMoreShowcaseViewController.swift in Sources */,
				9836FB122669477000E2A0BE /* MovieDetailViewController.swift in Sources */,
				9836FB0A26693E3000E2A0BE /* MovieItemDelegate.swift in Sources */,
				983CE0EA269719F900064C80 /* ActorListResopnse.swift in Sources */,
				9826AF24268F1AEA008DD7AA /* NetworkingAgent.swift in Sources */,
				7892C72325C526470066E549 /* GenreCollectionViewCell.swift in Sources */,
				9826AF2E268F1E60008DD7AA /* SearchSeriesResponse.swift in Sources */,
				983CE10C269E098600064C80 /* showCaseItemDelegate.swift in Sources */,
				983CE0FF269CCCFC00064C80 /* YouTubePlayerViewController.swift in Sources */,
				7892C74C25C66B4F0066E549 /* ShowCaseCollectionViewCell.swift in Sources */,
				983CE0F62698BB1600064C80 /* MovieCreditResult.swift in Sources */,
				7892C6F725C41D320066E549 /* PopularFilmTableViewCell.swift in Sources */,
				7892C6C825C30D7B0066E549 /* MovieViewController.swift in Sources */,
				7892C7ED25CAF1950066E549 /* BestActorCollectionViewCell.swift in Sources */,
				7892C6C425C30D7B0066E549 /* AppDelegate.swift in Sources */,
				9826AF2D268F1E60008DD7AA /* MovieListResponse.swift in Sources */,
				7892C74625C6690E0066E549 /* ShowCaseTableViewCell.swift in Sources */,
				98241DD426A0A44B0033731B /* SearchContentViewController.swift in Sources */,
				7892C7F425CB08E80066E549 /* ActorActionDelegate.swift in Sources */,
				7892C73225C52A6B0066E549 /* GenreVO.swift in Sources */,
				983CE0EC2697628600064C80 /* MovieDetailResponse.swift in Sources */,
				983CE0FC269CC3AF00064C80 /* MovieTrailerResponse.swift in Sources */,
				9826AF26268F1BC8008DD7AA /* Consultants.swift in Sources */,
				7892C6EE25C320880066E549 /* MovieSliderCollectionViewCell.swift in Sources */,
				983CE10E269E14B200064C80 /* SeriesDetailResponse.swift in Sources */,
				7892C6C625C30D7B0066E549 /* SceneDelegate.swift in Sources */,
				7892C71D25C525830066E549 /* GenreTableViewCell.swift in Sources */,
				983CE102269DAFDA00064C80 /* ActorDetailRespnse.swift in Sources */,
				983CE108269DBBC300064C80 /* ActorDetailViewController.swift in Sources */,
				98241DDC26A1A8680033731B /* moreshowcasedelegate.swift in Sources */,
				9836FB17266BEB6900E2A0BE /* GenreSmallCollectionViewCell.swift in Sources */,
				7892C6F325C4110D0066E549 /* RatingControl.swift in Sources */,
				7892C6E825C31A3C0066E549 /* MovieSliderTableViewCell.swift in Sources */,
				7892C74225C666C20066E549 /* ViewExtension.swift in Sources */,
				9826AF2F268F1E60008DD7AA /* Models.swift in Sources */,
				983CE0EF2698327300064C80 /* ProudctionCompanyCollectionViewCell.swift in Sources */,
			);
			runOnlyForDeploymentPostprocessing = 0;
		};
/* End PBXSourcesBuildPhase section */

/* Begin PBXVariantGroup section */
		7892C6C925C30D7B0066E549 /* Main.storyboard */ = {
			isa = PBXVariantGroup;
			children = (
				7892C6CA25C30D7B0066E549 /* Base */,
			);
			name = Main.storyboard;
			sourceTree = "<group>";
		};
		7892C6CE25C30D7E0066E549 /* LaunchScreen.storyboard */ = {
			isa = PBXVariantGroup;
			children = (
				7892C6CF25C30D7E0066E549 /* Base */,
			);
			name = LaunchScreen.storyboard;
			sourceTree = "<group>";
		};
/* End PBXVariantGroup section */

/* Begin XCBuildConfiguration section */
		7892C6D225C30D7E0066E549 /* Debug */ = {
			isa = XCBuildConfiguration;
			buildSettings = {
				ALWAYS_SEARCH_USER_PATHS = NO;
				CLANG_ANALYZER_NONNULL = YES;
				CLANG_ANALYZER_NUMBER_OBJECT_CONVERSION = YES_AGGRESSIVE;
				CLANG_CXX_LANGUAGE_STANDARD = "gnu++14";
				CLANG_CXX_LIBRARY = "libc++";
				CLANG_ENABLE_MODULES = YES;
				CLANG_ENABLE_OBJC_ARC = YES;
				CLANG_ENABLE_OBJC_WEAK = YES;
				CLANG_WARN_BLOCK_CAPTURE_AUTORELEASING = YES;
				CLANG_WARN_BOOL_CONVERSION = YES;
				CLANG_WARN_COMMA = YES;
				CLANG_WARN_CONSTANT_CONVERSION = YES;
				CLANG_WARN_DEPRECATED_OBJC_IMPLEMENTATIONS = YES;
				CLANG_WARN_DIRECT_OBJC_ISA_USAGE = YES_ERROR;
				CLANG_WARN_DOCUMENTATION_COMMENTS = YES;
				CLANG_WARN_EMPTY_BODY = YES;
				CLANG_WARN_ENUM_CONVERSION = YES;
				CLANG_WARN_INFINITE_RECURSION = YES;
				CLANG_WARN_INT_CONVERSION = YES;
				CLANG_WARN_NON_LITERAL_NULL_CONVERSION = YES;
				CLANG_WARN_OBJC_IMPLICIT_RETAIN_SELF = YES;
				CLANG_WARN_OBJC_LITERAL_CONVERSION = YES;
				CLANG_WARN_OBJC_ROOT_CLASS = YES_ERROR;
				CLANG_WARN_QUOTED_INCLUDE_IN_FRAMEWORK_HEADER = YES;
				CLANG_WARN_RANGE_LOOP_ANALYSIS = YES;
				CLANG_WARN_STRICT_PROTOTYPES = YES;
				CLANG_WARN_SUSPICIOUS_MOVE = YES;
				CLANG_WARN_UNGUARDED_AVAILABILITY = YES_AGGRESSIVE;
				CLANG_WARN_UNREACHABLE_CODE = YES;
				CLANG_WARN__DUPLICATE_METHOD_MATCH = YES;
				COPY_PHASE_STRIP = NO;
				DEBUG_INFORMATION_FORMAT = dwarf;
				ENABLE_STRICT_OBJC_MSGSEND = YES;
				ENABLE_TESTABILITY = YES;
				GCC_C_LANGUAGE_STANDARD = gnu11;
				GCC_DYNAMIC_NO_PIC = NO;
				GCC_NO_COMMON_BLOCKS = YES;
				GCC_OPTIMIZATION_LEVEL = 0;
				GCC_PREPROCESSOR_DEFINITIONS = (
					"DEBUG=1",
					"$(inherited)",
				);
				GCC_WARN_64_TO_32_BIT_CONVERSION = YES;
				GCC_WARN_ABOUT_RETURN_TYPE = YES_ERROR;
				GCC_WARN_UNDECLARED_SELECTOR = YES;
				GCC_WARN_UNINITIALIZED_AUTOS = YES_AGGRESSIVE;
				GCC_WARN_UNUSED_FUNCTION = YES;
				GCC_WARN_UNUSED_VARIABLE = YES;
				IPHONEOS_DEPLOYMENT_TARGET = 14.3;
				MTL_ENABLE_DEBUG_INFO = INCLUDE_SOURCE;
				MTL_FAST_MATH = YES;
				ONLY_ACTIVE_ARCH = YES;
				SDKROOT = iphoneos;
				SWIFT_ACTIVE_COMPILATION_CONDITIONS = DEBUG;
				SWIFT_OPTIMIZATION_LEVEL = "-Onone";
			};
			name = Debug;
		};
		7892C6D325C30D7E0066E549 /* Release */ = {
			isa = XCBuildConfiguration;
			buildSettings = {
				ALWAYS_SEARCH_USER_PATHS = NO;
				CLANG_ANALYZER_NONNULL = YES;
				CLANG_ANALYZER_NUMBER_OBJECT_CONVERSION = YES_AGGRESSIVE;
				CLANG_CXX_LANGUAGE_STANDARD = "gnu++14";
				CLANG_CXX_LIBRARY = "libc++";
				CLANG_ENABLE_MODULES = YES;
				CLANG_ENABLE_OBJC_ARC = YES;
				CLANG_ENABLE_OBJC_WEAK = YES;
				CLANG_WARN_BLOCK_CAPTURE_AUTORELEASING = YES;
				CLANG_WARN_BOOL_CONVERSION = YES;
				CLANG_WARN_COMMA = YES;
				CLANG_WARN_CONSTANT_CONVERSION = YES;
				CLANG_WARN_DEPRECATED_OBJC_IMPLEMENTATIONS = YES;
				CLANG_WARN_DIRECT_OBJC_ISA_USAGE = YES_ERROR;
				CLANG_WARN_DOCUMENTATION_COMMENTS = YES;
				CLANG_WARN_EMPTY_BODY = YES;
				CLANG_WARN_ENUM_CONVERSION = YES;
				CLANG_WARN_INFINITE_RECURSION = YES;
				CLANG_WARN_INT_CONVERSION = YES;
				CLANG_WARN_NON_LITERAL_NULL_CONVERSION = YES;
				CLANG_WARN_OBJC_IMPLICIT_RETAIN_SELF = YES;
				CLANG_WARN_OBJC_LITERAL_CONVERSION = YES;
				CLANG_WARN_OBJC_ROOT_CLASS = YES_ERROR;
				CLANG_WARN_QUOTED_INCLUDE_IN_FRAMEWORK_HEADER = YES;
				CLANG_WARN_RANGE_LOOP_ANALYSIS = YES;
				CLANG_WARN_STRICT_PROTOTYPES = YES;
				CLANG_WARN_SUSPICIOUS_MOVE = YES;
				CLANG_WARN_UNGUARDED_AVAILABILITY = YES_AGGRESSIVE;
				CLANG_WARN_UNREACHABLE_CODE = YES;
				CLANG_WARN__DUPLICATE_METHOD_MATCH = YES;
				COPY_PHASE_STRIP = NO;
				DEBUG_INFORMATION_FORMAT = "dwarf-with-dsym";
				ENABLE_NS_ASSERTIONS = NO;
				ENABLE_STRICT_OBJC_MSGSEND = YES;
				GCC_C_LANGUAGE_STANDARD = gnu11;
				GCC_NO_COMMON_BLOCKS = YES;
				GCC_WARN_64_TO_32_BIT_CONVERSION = YES;
				GCC_WARN_ABOUT_RETURN_TYPE = YES_ERROR;
				GCC_WARN_UNDECLARED_SELECTOR = YES;
				GCC_WARN_UNINITIALIZED_AUTOS = YES_AGGRESSIVE;
				GCC_WARN_UNUSED_FUNCTION = YES;
				GCC_WARN_UNUSED_VARIABLE = YES;
				IPHONEOS_DEPLOYMENT_TARGET = 14.3;
				MTL_ENABLE_DEBUG_INFO = NO;
				MTL_FAST_MATH = YES;
				SDKROOT = iphoneos;
				SWIFT_COMPILATION_MODE = wholemodule;
				SWIFT_OPTIMIZATION_LEVEL = "-O";
				VALIDATE_PRODUCT = YES;
			};
			name = Release;
		};
		7892C6D525C30D7E0066E549 /* Debug */ = {
			isa = XCBuildConfiguration;
			baseConfigurationReference = 1F911E8F81DCEF9934E75D07 /* Pods-Strater3.debug.xcconfig */;
			buildSettings = {
				ASSETCATALOG_COMPILER_APPICON_NAME = AppIcon;
				ASSETCATALOG_COMPILER_GLOBAL_ACCENT_COLOR_NAME = AccentColor;
				CLANG_ENABLE_MODULES = YES;
				CODE_SIGN_STYLE = Automatic;
				DEVELOPMENT_TEAM = W89N8ZRY2L;
				INFOPLIST_FILE = Strater3/Info.plist;
				LD_RUNPATH_SEARCH_PATHS = (
					"$(inherited)",
					"@executable_path/Frameworks",
				);
				PRODUCT_BUNDLE_IDENTIFIER = com.padc.Strater3;
				PRODUCT_NAME = "$(TARGET_NAME)";
				SWIFT_OBJC_BRIDGING_HEADER = "Strater3/viewController/Strater3-Bridging-Header.h";
				SWIFT_OPTIMIZATION_LEVEL = "-Onone";
				SWIFT_VERSION = 5.0;
				TARGETED_DEVICE_FAMILY = "1,2";
			};
			name = Debug;
		};
		7892C6D625C30D7E0066E549 /* Release */ = {
			isa = XCBuildConfiguration;
			baseConfigurationReference = 87ABE8DFB7D332A52899B6FC /* Pods-Strater3.release.xcconfig */;
			buildSettings = {
				ASSETCATALOG_COMPILER_APPICON_NAME = AppIcon;
				ASSETCATALOG_COMPILER_GLOBAL_ACCENT_COLOR_NAME = AccentColor;
				CLANG_ENABLE_MODULES = YES;
				CODE_SIGN_STYLE = Automatic;
				DEVELOPMENT_TEAM = W89N8ZRY2L;
				INFOPLIST_FILE = Strater3/Info.plist;
				LD_RUNPATH_SEARCH_PATHS = (
					"$(inherited)",
					"@executable_path/Frameworks",
				);
				PRODUCT_BUNDLE_IDENTIFIER = com.padc.Strater3;
				PRODUCT_NAME = "$(TARGET_NAME)";
				SWIFT_OBJC_BRIDGING_HEADER = "Strater3/viewController/Strater3-Bridging-Header.h";
				SWIFT_VERSION = 5.0;
				TARGETED_DEVICE_FAMILY = "1,2";
			};
			name = Release;
		};
/* End XCBuildConfiguration section */

/* Begin XCConfigurationList section */
		7892C6BB25C30D7B0066E549 /* Build configuration list for PBXProject "Strater3" */ = {
			isa = XCConfigurationList;
			buildConfigurations = (
				7892C6D225C30D7E0066E549 /* Debug */,
				7892C6D325C30D7E0066E549 /* Release */,
			);
			defaultConfigurationIsVisible = 0;
			defaultConfigurationName = Release;
		};
		7892C6D425C30D7E0066E549 /* Build configuration list for PBXNativeTarget "Strater3" */ = {
			isa = XCConfigurationList;
			buildConfigurations = (
				7892C6D525C30D7E0066E549 /* Debug */,
				7892C6D625C30D7E0066E549 /* Release */,
			);
			defaultConfigurationIsVisible = 0;
			defaultConfigurationName = Release;
		};
/* End XCConfigurationList section */
	};
	rootObject = 7892C6B825C30D7B0066E549 /* Project object */;
}
