// !$*UTF8*$!
{
	archiveVersion = 1;
	classes = {
	};
	objectVersion = 50;
	objects = {

/* Begin PBXBuildFile section */
		7892C6C425C30D7B0066E549 /* AppDelegate.swift in Sources */ = {isa = PBXBuildFile; fileRef = 7892C6C325C30D7B0066E549 /* AppDelegate.swift */; };
		7892C6C625C30D7B0066E549 /* SceneDelegate.swift in Sources */ = {isa = PBXBuildFile; fileRef = 7892C6C525C30D7B0066E549 /* SceneDelegate.swift */; };
		7892C6C825C30D7B0066E549 /* ViewController.swift in Sources */ = {isa = PBXBuildFile; fileRef = 7892C6C725C30D7B0066E549 /* ViewController.swift */; };
		7892C6CB25C30D7B0066E549 /* Main.storyboard in Resources */ = {isa = PBXBuildFile; fileRef = 7892C6C925C30D7B0066E549 /* Main.storyboard */; };
		7892C6CD25C30D7E0066E549 /* Assets.xcassets in Resources */ = {isa = PBXBuildFile; fileRef = 7892C6CC25C30D7E0066E549 /* Assets.xcassets */; };
		7892C6D025C30D7E0066E549 /* LaunchScreen.storyboard in Resources */ = {isa = PBXBuildFile; fileRef = 7892C6CE25C30D7E0066E549 /* LaunchScreen.storyboard */; };
		7892C6E825C31A3C0066E549 /* MovieSliderTableViewCell.swift in Sources */ = {isa = PBXBuildFile; fileRef = 7892C6E625C31A3C0066E549 /* MovieSliderTableViewCell.swift */; };
		7892C6E925C31A3C0066E549 /* MovieSliderTableViewCell.xib in Resources */ = {isa = PBXBuildFile; fileRef = 7892C6E725C31A3C0066E549 /* MovieSliderTableViewCell.xib */; };
		7892C6EE25C320880066E549 /* MovieSliderCollectionViewCell.swift in Sources */ = {isa = PBXBuildFile; fileRef = 7892C6EC25C320880066E549 /* MovieSliderCollectionViewCell.swift */; };
		7892C6EF25C320880066E549 /* MovieSliderCollectionViewCell.xib in Resources */ = {isa = PBXBuildFile; fileRef = 7892C6ED25C320880066E549 /* MovieSliderCollectionViewCell.xib */; };
		7892C6F325C4110D0066E549 /* RatingControl.swift in Sources */ = {isa = PBXBuildFile; fileRef = 7892C6F225C4110D0066E549 /* RatingControl.swift */; };
		7892C6F725C41D320066E549 /* PopularFilmTableViewCell.swift in Sources */ = {isa = PBXBuildFile; fileRef = 7892C6F525C41D320066E549 /* PopularFilmTableViewCell.swift */; };
		7892C6F825C41D320066E549 /* PopularFilmTableViewCell.xib in Resources */ = {isa = PBXBuildFile; fileRef = 7892C6F625C41D320066E549 /* PopularFilmTableViewCell.xib */; };
		7892C6FE25C426370066E549 /* PopularFilmCollectionViewCell.swift in Sources */ = {isa = PBXBuildFile; fileRef = 7892C6FC25C426370066E549 /* PopularFilmCollectionViewCell.swift */; };
		7892C6FF25C426370066E549 /* PopularFilmCollectionViewCell.xib in Resources */ = {isa = PBXBuildFile; fileRef = 7892C6FD25C426370066E549 /* PopularFilmCollectionViewCell.xib */; };
/* End PBXBuildFile section */

/* Begin PBXFileReference section */
		7892C6C025C30D7B0066E549 /* Strater3.app */ = {isa = PBXFileReference; explicitFileType = wrapper.application; includeInIndex = 0; path = Strater3.app; sourceTree = BUILT_PRODUCTS_DIR; };
		7892C6C325C30D7B0066E549 /* AppDelegate.swift */ = {isa = PBXFileReference; lastKnownFileType = sourcecode.swift; path = AppDelegate.swift; sourceTree = "<group>"; };
		7892C6C525C30D7B0066E549 /* SceneDelegate.swift */ = {isa = PBXFileReference; lastKnownFileType = sourcecode.swift; path = SceneDelegate.swift; sourceTree = "<group>"; };
		7892C6C725C30D7B0066E549 /* ViewController.swift */ = {isa = PBXFileReference; lastKnownFileType = sourcecode.swift; path = ViewController.swift; sourceTree = "<group>"; };
		7892C6CA25C30D7B0066E549 /* Base */ = {isa = PBXFileReference; lastKnownFileType = file.storyboard; name = Base; path = Base.lproj/Main.storyboard; sourceTree = "<group>"; };
		7892C6CC25C30D7E0066E549 /* Assets.xcassets */ = {isa = PBXFileReference; lastKnownFileType = folder.assetcatalog; path = Assets.xcassets; sourceTree = "<group>"; };
		7892C6CF25C30D7E0066E549 /* Base */ = {isa = PBXFileReference; lastKnownFileType = file.storyboard; name = Base; path = Base.lproj/LaunchScreen.storyboard; sourceTree = "<group>"; };
		7892C6D125C30D7E0066E549 /* Info.plist */ = {isa = PBXFileReference; lastKnownFileType = text.plist.xml; path = Info.plist; sourceTree = "<group>"; };
		7892C6E625C31A3C0066E549 /* MovieSliderTableViewCell.swift */ = {isa = PBXFileReference; lastKnownFileType = sourcecode.swift; path = MovieSliderTableViewCell.swift; sourceTree = "<group>"; };
		7892C6E725C31A3C0066E549 /* MovieSliderTableViewCell.xib */ = {isa = PBXFileReference; lastKnownFileType = file.xib; path = MovieSliderTableViewCell.xib; sourceTree = "<group>"; };
		7892C6EC25C320880066E549 /* MovieSliderCollectionViewCell.swift */ = {isa = PBXFileReference; lastKnownFileType = sourcecode.swift; path = MovieSliderCollectionViewCell.swift; sourceTree = "<group>"; };
		7892C6ED25C320880066E549 /* MovieSliderCollectionViewCell.xib */ = {isa = PBXFileReference; lastKnownFileType = file.xib; path = MovieSliderCollectionViewCell.xib; sourceTree = "<group>"; };
		7892C6F225C4110D0066E549 /* RatingControl.swift */ = {isa = PBXFileReference; lastKnownFileType = sourcecode.swift; path = RatingControl.swift; sourceTree = "<group>"; };
		7892C6F525C41D320066E549 /* PopularFilmTableViewCell.swift */ = {isa = PBXFileReference; lastKnownFileType = sourcecode.swift; path = PopularFilmTableViewCell.swift; sourceTree = "<group>"; };
		7892C6F625C41D320066E549 /* PopularFilmTableViewCell.xib */ = {isa = PBXFileReference; lastKnownFileType = file.xib; path = PopularFilmTableViewCell.xib; sourceTree = "<group>"; };
		7892C6FC25C426370066E549 /* PopularFilmCollectionViewCell.swift */ = {isa = PBXFileReference; lastKnownFileType = sourcecode.swift; path = PopularFilmCollectionViewCell.swift; sourceTree = "<group>"; };
		7892C6FD25C426370066E549 /* PopularFilmCollectionViewCell.xib */ = {isa = PBXFileReference; lastKnownFileType = file.xib; path = PopularFilmCollectionViewCell.xib; sourceTree = "<group>"; };
/* End PBXFileReference section */

/* Begin PBXFrameworksBuildPhase section */
		7892C6BD25C30D7B0066E549 /* Frameworks */ = {
			isa = PBXFrameworksBuildPhase;
			buildActionMask = 2147483647;
			files = (
			);
			runOnlyForDeploymentPostprocessing = 0;
		};
/* End PBXFrameworksBuildPhase section */

/* Begin PBXGroup section */
		7892C6B725C30D7B0066E549 = {
			isa = PBXGroup;
			children = (
				7892C6C225C30D7B0066E549 /* Strater3 */,
				7892C6C125C30D7B0066E549 /* Products */,
			);
			sourceTree = "<group>";
		};
		7892C6C125C30D7B0066E549 /* Products */ = {
			isa = PBXGroup;
			children = (
				7892C6C025C30D7B0066E549 /* Strater3.app */,
			);
			name = Products;
			sourceTree = "<group>";
		};
		7892C6C225C30D7B0066E549 /* Strater3 */ = {
			isa = PBXGroup;
			children = (
				7892C6E425C30E4B0066E549 /* Components */,
				7892C6D825C30D960066E549 /* Delegagte */,
				7892C6DC25C30DE80066E549 /* Cell */,
				7892C6D925C30DA50066E549 /* Stroybaord */,
				7892C6DA25C30DC40066E549 /* ViewController */,
				7892C6DB25C30DD70066E549 /* Resources */,
				7892C6D125C30D7E0066E549 /* Info.plist */,
			);
			path = Strater3;
			sourceTree = "<group>";
		};
		7892C6D825C30D960066E549 /* Delegagte */ = {
			isa = PBXGroup;
			children = (
				7892C6C325C30D7B0066E549 /* AppDelegate.swift */,
				7892C6C525C30D7B0066E549 /* SceneDelegate.swift */,
			);
			path = Delegagte;
			sourceTree = "<group>";
		};
		7892C6D925C30DA50066E549 /* Stroybaord */ = {
			isa = PBXGroup;
			children = (
				7892C6C925C30D7B0066E549 /* Main.storyboard */,
				7892C6CE25C30D7E0066E549 /* LaunchScreen.storyboard */,
			);
			path = Stroybaord;
			sourceTree = "<group>";
		};
		7892C6DA25C30DC40066E549 /* ViewController */ = {
			isa = PBXGroup;
			children = (
				7892C6C725C30D7B0066E549 /* ViewController.swift */,
			);
			path = ViewController;
			sourceTree = "<group>";
		};
		7892C6DB25C30DD70066E549 /* Resources */ = {
			isa = PBXGroup;
			children = (
				7892C6CC25C30D7E0066E549 /* Assets.xcassets */,
			);
			path = Resources;
			sourceTree = "<group>";
		};
		7892C6DC25C30DE80066E549 /* Cell */ = {
			isa = PBXGroup;
			children = (
				7892C6DE25C30E160066E549 /* CollectionView */,
				7892C6DD25C30DF80066E549 /* TableVIew */,
			);
			path = Cell;
			sourceTree = "<group>";
		};
		7892C6DD25C30DF80066E549 /* TableVIew */ = {
			isa = PBXGroup;
			children = (
				7892C6E225C30E330066E549 /* Swifts */,
				7892C6E125C30E2C0066E549 /* Xibs */,
			);
			name = TableVIew;
			sourceTree = "<group>";
		};
		7892C6DE25C30E160066E549 /* CollectionView */ = {
			isa = PBXGroup;
			children = (
				7892C6E025C30E270066E549 /* Swifts */,
				7892C6DF25C30E1F0066E549 /* Xibs */,
			);
			name = CollectionView;
			sourceTree = "<group>";
		};
		7892C6DF25C30E1F0066E549 /* Xibs */ = {
			isa = PBXGroup;
			children = (
				7892C6ED25C320880066E549 /* MovieSliderCollectionViewCell.xib */,
				7892C6FD25C426370066E549 /* PopularFilmCollectionViewCell.xib */,
			);
			name = Xibs;
			sourceTree = "<group>";
		};
		7892C6E025C30E270066E549 /* Swifts */ = {
			isa = PBXGroup;
			children = (
				7892C6EC25C320880066E549 /* MovieSliderCollectionViewCell.swift */,
				7892C6FC25C426370066E549 /* PopularFilmCollectionViewCell.swift */,
			);
			name = Swifts;
			sourceTree = "<group>";
		};
		7892C6E125C30E2C0066E549 /* Xibs */ = {
			isa = PBXGroup;
			children = (
				7892C6E725C31A3C0066E549 /* MovieSliderTableViewCell.xib */,
				7892C6F625C41D320066E549 /* PopularFilmTableViewCell.xib */,
			);
			name = Xibs;
			sourceTree = "<group>";
		};
		7892C6E225C30E330066E549 /* Swifts */ = {
			isa = PBXGroup;
			children = (
				7892C6E625C31A3C0066E549 /* MovieSliderTableViewCell.swift */,
				7892C6F525C41D320066E549 /* PopularFilmTableViewCell.swift */,
			);
			name = Swifts;
			sourceTree = "<group>";
		};
		7892C6E425C30E4B0066E549 /* Components */ = {
			isa = PBXGroup;
			children = (
				7892C6F225C4110D0066E549 /* RatingControl.swift */,
			);
			path = Components;
			sourceTree = "<group>";
		};
/* End PBXGroup section */

/* Begin PBXNativeTarget section */
		7892C6BF25C30D7B0066E549 /* Strater3 */ = {
			isa = PBXNativeTarget;
			buildConfigurationList = 7892C6D425C30D7E0066E549 /* Build configuration list for PBXNativeTarget "Strater3" */;
			buildPhases = (
				7892C6BC25C30D7B0066E549 /* Sources */,
				7892C6BD25C30D7B0066E549 /* Frameworks */,
				7892C6BE25C30D7B0066E549 /* Resources */,
			);
			buildRules = (
			);
			dependencies = (
			);
			name = Strater3;
			productName = Strater3;
			productReference = 7892C6C025C30D7B0066E549 /* Strater3.app */;
			productType = "com.apple.product-type.application";
		};
/* End PBXNativeTarget section */

/* Begin PBXProject section */
		7892C6B825C30D7B0066E549 /* Project object */ = {
			isa = PBXProject;
			attributes = {
				LastSwiftUpdateCheck = 1230;
				LastUpgradeCheck = 1230;
				TargetAttributes = {
					7892C6BF25C30D7B0066E549 = {
						CreatedOnToolsVersion = 12.3;
					};
				};
			};
			buildConfigurationList = 7892C6BB25C30D7B0066E549 /* Build configuration list for PBXProject "Strater3" */;
			compatibilityVersion = "Xcode 9.3";
			developmentRegion = en;
			hasScannedForEncodings = 0;
			knownRegions = (
				en,
				Base,
			);
			mainGroup = 7892C6B725C30D7B0066E549;
			productRefGroup = 7892C6C125C30D7B0066E549 /* Products */;
			projectDirPath = "";
			projectRoot = "";
			targets = (
				7892C6BF25C30D7B0066E549 /* Strater3 */,
			);
		};
/* End PBXProject section */

/* Begin PBXResourcesBuildPhase section */
		7892C6BE25C30D7B0066E549 /* Resources */ = {
			isa = PBXResourcesBuildPhase;
			buildActionMask = 2147483647;
			files = (
				7892C6FF25C426370066E549 /* PopularFilmCollectionViewCell.xib in Resources */,
				7892C6D025C30D7E0066E549 /* LaunchScreen.storyboard in Resources */,
				7892C6CD25C30D7E0066E549 /* Assets.xcassets in Resources */,
				7892C6CB25C30D7B0066E549 /* Main.storyboard in Resources */,
				7892C6E925C31A3C0066E549 /* MovieSliderTableViewCell.xib in Resources */,
				7892C6EF25C320880066E549 /* MovieSliderCollectionViewCell.xib in Resources */,
				7892C6F825C41D320066E549 /* PopularFilmTableViewCell.xib in Resources */,
			);
			runOnlyForDeploymentPostprocessing = 0;
		};
/* End PBXResourcesBuildPhase section */

/* Begin PBXSourcesBuildPhase section */
		7892C6BC25C30D7B0066E549 /* Sources */ = {
			isa = PBXSourcesBuildPhase;
			buildActionMask = 2147483647;
			files = (
				7892C6FE25C426370066E549 /* PopularFilmCollectionViewCell.swift in Sources */,
				7892C6F725C41D320066E549 /* PopularFilmTableViewCell.swift in Sources */,
				7892C6C825C30D7B0066E549 /* ViewController.swift in Sources */,
				7892C6C425C30D7B0066E549 /* AppDelegate.swift in Sources */,
				7892C6EE25C320880066E549 /* MovieSliderCollectionViewCell.swift in Sources */,
				7892C6C625C30D7B0066E549 /* SceneDelegate.swift in Sources */,
				7892C6F325C4110D0066E549 /* RatingControl.swift in Sources */,
				7892C6E825C31A3C0066E549 /* MovieSliderTableViewCell.swift in Sources */,
			);
			runOnlyForDeploymentPostprocessing = 0;
		};
/* End PBXSourcesBuildPhase section */

/* Begin PBXVariantGroup section */
		7892C6C925C30D7B0066E549 /* Main.storyboard */ = {
			isa = PBXVariantGroup;
			children = (
				7892C6CA25C30D7B0066E549 /* Base */,
			);
			name = Main.storyboard;
			sourceTree = "<group>";
		};
		7892C6CE25C30D7E0066E549 /* LaunchScreen.storyboard */ = {
			isa = PBXVariantGroup;
			children = (
				7892C6CF25C30D7E0066E549 /* Base */,
			);
			name = LaunchScreen.storyboard;
			sourceTree = "<group>";
		};
/* End PBXVariantGroup section */

/* Begin XCBuildConfiguration section */
		7892C6D225C30D7E0066E549 /* Debug */ = {
			isa = XCBuildConfiguration;
			buildSettings = {
				ALWAYS_SEARCH_USER_PATHS = NO;
				CLANG_ANALYZER_NONNULL = YES;
				CLANG_ANALYZER_NUMBER_OBJECT_CONVERSION = YES_AGGRESSIVE;
				CLANG_CXX_LANGUAGE_STANDARD = "gnu++14";
				CLANG_CXX_LIBRARY = "libc++";
				CLANG_ENABLE_MODULES = YES;
				CLANG_ENABLE_OBJC_ARC = YES;
				CLANG_ENABLE_OBJC_WEAK = YES;
				CLANG_WARN_BLOCK_CAPTURE_AUTORELEASING = YES;
				CLANG_WARN_BOOL_CONVERSION = YES;
				CLANG_WARN_COMMA = YES;
				CLANG_WARN_CONSTANT_CONVERSION = YES;
				CLANG_WARN_DEPRECATED_OBJC_IMPLEMENTATIONS = YES;
				CLANG_WARN_DIRECT_OBJC_ISA_USAGE = YES_ERROR;
				CLANG_WARN_DOCUMENTATION_COMMENTS = YES;
				CLANG_WARN_EMPTY_BODY = YES;
				CLANG_WARN_ENUM_CONVERSION = YES;
				CLANG_WARN_INFINITE_RECURSION = YES;
				CLANG_WARN_INT_CONVERSION = YES;
				CLANG_WARN_NON_LITERAL_NULL_CONVERSION = YES;
				CLANG_WARN_OBJC_IMPLICIT_RETAIN_SELF = YES;
				CLANG_WARN_OBJC_LITERAL_CONVERSION = YES;
				CLANG_WARN_OBJC_ROOT_CLASS = YES_ERROR;
				CLANG_WARN_QUOTED_INCLUDE_IN_FRAMEWORK_HEADER = YES;
				CLANG_WARN_RANGE_LOOP_ANALYSIS = YES;
				CLANG_WARN_STRICT_PROTOTYPES = YES;
				CLANG_WARN_SUSPICIOUS_MOVE = YES;
				CLANG_WARN_UNGUARDED_AVAILABILITY = YES_AGGRESSIVE;
				CLANG_WARN_UNREACHABLE_CODE = YES;
				CLANG_WARN__DUPLICATE_METHOD_MATCH = YES;
				COPY_PHASE_STRIP = NO;
				DEBUG_INFORMATION_FORMAT = dwarf;
				ENABLE_STRICT_OBJC_MSGSEND = YES;
				ENABLE_TESTABILITY = YES;
				GCC_C_LANGUAGE_STANDARD = gnu11;
				GCC_DYNAMIC_NO_PIC = NO;
				GCC_NO_COMMON_BLOCKS = YES;
				GCC_OPTIMIZATION_LEVEL = 0;
				GCC_PREPROCESSOR_DEFINITIONS = (
					"DEBUG=1",
					"$(inherited)",
				);
				GCC_WARN_64_TO_32_BIT_CONVERSION = YES;
				GCC_WARN_ABOUT_RETURN_TYPE = YES_ERROR;
				GCC_WARN_UNDECLARED_SELECTOR = YES;
				GCC_WARN_UNINITIALIZED_AUTOS = YES_AGGRESSIVE;
				GCC_WARN_UNUSED_FUNCTION = YES;
				GCC_WARN_UNUSED_VARIABLE = YES;
				IPHONEOS_DEPLOYMENT_TARGET = 14.3;
				MTL_ENABLE_DEBUG_INFO = INCLUDE_SOURCE;
				MTL_FAST_MATH = YES;
				ONLY_ACTIVE_ARCH = YES;
				SDKROOT = iphoneos;
				SWIFT_ACTIVE_COMPILATION_CONDITIONS = DEBUG;
				SWIFT_OPTIMIZATION_LEVEL = "-Onone";
			};
			name = Debug;
		};
		7892C6D325C30D7E0066E549 /* Release */ = {
			isa = XCBuildConfiguration;
			buildSettings = {
				ALWAYS_SEARCH_USER_PATHS = NO;
				CLANG_ANALYZER_NONNULL = YES;
				CLANG_ANALYZER_NUMBER_OBJECT_CONVERSION = YES_AGGRESSIVE;
				CLANG_CXX_LANGUAGE_STANDARD = "gnu++14";
				CLANG_CXX_LIBRARY = "libc++";
				CLANG_ENABLE_MODULES = YES;
				CLANG_ENABLE_OBJC_ARC = YES;
				CLANG_ENABLE_OBJC_WEAK = YES;
				CLANG_WARN_BLOCK_CAPTURE_AUTORELEASING = YES;
				CLANG_WARN_BOOL_CONVERSION = YES;
				CLANG_WARN_COMMA = YES;
				CLANG_WARN_CONSTANT_CONVERSION = YES;
				CLANG_WARN_DEPRECATED_OBJC_IMPLEMENTATIONS = YES;
				CLANG_WARN_DIRECT_OBJC_ISA_USAGE = YES_ERROR;
				CLANG_WARN_DOCUMENTATION_COMMENTS = YES;
				CLANG_WARN_EMPTY_BODY = YES;
				CLANG_WARN_ENUM_CONVERSION = YES;
				CLANG_WARN_INFINITE_RECURSION = YES;
				CLANG_WARN_INT_CONVERSION = YES;
				CLANG_WARN_NON_LITERAL_NULL_CONVERSION = YES;
				CLANG_WARN_OBJC_IMPLICIT_RETAIN_SELF = YES;
				CLANG_WARN_OBJC_LITERAL_CONVERSION = YES;
				CLANG_WARN_OBJC_ROOT_CLASS = YES_ERROR;
				CLANG_WARN_QUOTED_INCLUDE_IN_FRAMEWORK_HEADER = YES;
				CLANG_WARN_RANGE_LOOP_ANALYSIS = YES;
				CLANG_WARN_STRICT_PROTOTYPES = YES;
				CLANG_WARN_SUSPICIOUS_MOVE = YES;
				CLANG_WARN_UNGUARDED_AVAILABILITY = YES_AGGRESSIVE;
				CLANG_WARN_UNREACHABLE_CODE = YES;
				CLANG_WARN__DUPLICATE_METHOD_MATCH = YES;
				COPY_PHASE_STRIP = NO;
				DEBUG_INFORMATION_FORMAT = "dwarf-with-dsym";
				ENABLE_NS_ASSERTIONS = NO;
				ENABLE_STRICT_OBJC_MSGSEND = YES;
				GCC_C_LANGUAGE_STANDARD = gnu11;
				GCC_NO_COMMON_BLOCKS = YES;
				GCC_WARN_64_TO_32_BIT_CONVERSION = YES;
				GCC_WARN_ABOUT_RETURN_TYPE = YES_ERROR;
				GCC_WARN_UNDECLARED_SELECTOR = YES;
				GCC_WARN_UNINITIALIZED_AUTOS = YES_AGGRESSIVE;
				GCC_WARN_UNUSED_FUNCTION = YES;
				GCC_WARN_UNUSED_VARIABLE = YES;
				IPHONEOS_DEPLOYMENT_TARGET = 14.3;
				MTL_ENABLE_DEBUG_INFO = NO;
				MTL_FAST_MATH = YES;
				SDKROOT = iphoneos;
				SWIFT_COMPILATION_MODE = wholemodule;
				SWIFT_OPTIMIZATION_LEVEL = "-O";
				VALIDATE_PRODUCT = YES;
			};
			name = Release;
		};
		7892C6D525C30D7E0066E549 /* Debug */ = {
			isa = XCBuildConfiguration;
			buildSettings = {
				ASSETCATALOG_COMPILER_APPICON_NAME = AppIcon;
				ASSETCATALOG_COMPILER_GLOBAL_ACCENT_COLOR_NAME = AccentColor;
				CODE_SIGN_STYLE = Automatic;
				DEVELOPMENT_TEAM = W89N8ZRY2L;
				INFOPLIST_FILE = Strater3/Info.plist;
				LD_RUNPATH_SEARCH_PATHS = (
					"$(inherited)",
					"@executable_path/Frameworks",
				);
				PRODUCT_BUNDLE_IDENTIFIER = com.padc.Strater3;
				PRODUCT_NAME = "$(TARGET_NAME)";
				SWIFT_VERSION = 5.0;
				TARGETED_DEVICE_FAMILY = "1,2";
			};
			name = Debug;
		};
		7892C6D625C30D7E0066E549 /* Release */ = {
			isa = XCBuildConfiguration;
			buildSettings = {
				ASSETCATALOG_COMPILER_APPICON_NAME = AppIcon;
				ASSETCATALOG_COMPILER_GLOBAL_ACCENT_COLOR_NAME = AccentColor;
				CODE_SIGN_STYLE = Automatic;
				DEVELOPMENT_TEAM = W89N8ZRY2L;
				INFOPLIST_FILE = Strater3/Info.plist;
				LD_RUNPATH_SEARCH_PATHS = (
					"$(inherited)",
					"@executable_path/Frameworks",
				);
				PRODUCT_BUNDLE_IDENTIFIER = com.padc.Strater3;
				PRODUCT_NAME = "$(TARGET_NAME)";
				SWIFT_VERSION = 5.0;
				TARGETED_DEVICE_FAMILY = "1,2";
			};
			name = Release;
		};
/* End XCBuildConfiguration section */

/* Begin XCConfigurationList section */
		7892C6BB25C30D7B0066E549 /* Build configuration list for PBXProject "Strater3" */ = {
			isa = XCConfigurationList;
			buildConfigurations = (
				7892C6D225C30D7E0066E549 /* Debug */,
				7892C6D325C30D7E0066E549 /* Release */,
			);
			defaultConfigurationIsVisible = 0;
			defaultConfigurationName = Release;
		};
		7892C6D425C30D7E0066E549 /* Build configuration list for PBXNativeTarget "Strater3" */ = {
			isa = XCConfigurationList;
			buildConfigurations = (
				7892C6D525C30D7E0066E549 /* Debug */,
				7892C6D625C30D7E0066E549 /* Release */,
			);
			defaultConfigurationIsVisible = 0;
			defaultConfigurationName = Release;
		};
/* End XCConfigurationList section */
	};
	rootObject = 7892C6B825C30D7B0066E549 /* Project object */;
}
